
Microsoft Visual Studio Solution File, Format Version 12.00
# Visual Studio Version 16
VisualStudioVersion = 16.0.29519.87
MinimumVisualStudioVersion = 10.0.40219.1
Project("{FAE04EC0-301F-11D3-BF4B-00C04F79EFBC}") = "Webapi-app", "Webapi-app\Webapi-app.csproj", "{B3C763D4-EDE2-42E1-BC9D-0386474EBDA0}"
EndProject
Global
	GlobalSection(SolutionConfigurationPlatforms) = preSolution
		Debug|Any CPU = Debug|Any CPU
		Release|Any CPU = Release|Any CPU
	EndGlobalSection
	GlobalSection(ProjectConfigurationPlatforms) = postSolution
		{B3C763D4-EDE2-42E1-BC9D-0386474EBDA0}.Debug|Any CPU.ActiveCfg = Debug|Any CPU
		{B3C763D4-EDE2-42E1-BC9D-0386474EBDA0}.Debug|Any CPU.Build.0 = Debug|Any CPU
		{B3C763D4-EDE2-42E1-BC9D-0386474EBDA0}.Release|Any CPU.ActiveCfg = Release|Any CPU
		{B3C763D4-EDE2-42E1-BC9D-0386474EBDA0}.Release|Any CPU.Build.0 = Release|Any CPU
	EndGlobalSection
	GlobalSection(SolutionProperties) = preSolution
		HideSolutionNode = FALSE
	EndGlobalSection
	GlobalSection(ExtensibilityGlobals) = postSolution
		SolutionGuid = {CD061CF7-8EEE-4727-88BB-4F54DB8D5060}
	EndGlobalSection
EndGlobal
